github.com/davidcrosby/lzw-go v0.0.0-20200821015606-67bd4182a537 h1:+vYxX1vZelP3h72sLB3Vvo0C6gJzs6OVVav00CzpsY0=
github.com/dgryski/go-bitstream v0.0.0-20180413035011-3522498ce2c8 h1:akOQj8IVgoeFfBTzGOEQakCYshWD6RNo1M5pivFXt70=
github.com/dgryski/go-bitstream v0.0.0-20180413035011-3522498ce2c8/go.mod h1:VMaSuZ+SZcx/wljOQKvp5srsbCiKDEb6K2wC4+PiBmQ=
